Microsoft Visual Studio Solution File, Format Version 12.00
# Visual Studio Version 17
VisualStudioVersion = 17.5.2.0
MinimumVisualStudioVersion = 10.0.40219.1
Project("{FAE04EC0-301F-11D3-BF4B-00C04F79EFBC}") = "BookHaven", "BookHaven.csproj", "{F2ECAFB3-EA12-F650-DF83-37B37D6D8F53}"
EndProject
Global
	GlobalSection(SolutionConfigurationPlatforms) = preSolution
		Debug|Any CPU = Debug|Any CPU
		Release|Any CPU = Release|Any CPU
	EndGlobalSection
	GlobalSection(ProjectConfigurationPlatforms) = postSolution
		{F2ECAFB3-EA12-F650-DF83-37B37D6D8F53}.Debug|Any CPU.ActiveCfg = Debug|Any CPU
		{F2ECAFB3-EA12-F650-DF83-37B37D6D8F53}.Debug|Any CPU.Build.0 = Debug|Any CPU
		{F2ECAFB3-EA12-F650-DF83-37B37D6D8F53}.Release|Any CPU.ActiveCfg = Release|Any CPU
		{F2ECAFB3-EA12-F650-DF83-37B37D6D8F53}.Release|Any CPU.Build.0 = Release|Any CPU
	EndGlobalSection
	GlobalSection(SolutionProperties) = preSolution
		HideSolutionNode = FALSE
	EndGlobalSection
	GlobalSection(ExtensibilityGlobals) = postSolution
		SolutionGuid = {CA8CCB70-56D8-4FF7-890A-E5C15ADAB11B}
	EndGlobalSection
EndGlobal
